// !$*UTF8*$!
{
	archiveVersion = 1;
	classes = {
	};
	objectVersion = 55;
	objects = {

/* Begin PBXBuildFile section */
		E9090440269F68EF00B38FFA /* DockModel.swift in Sources */ = {isa = PBXBuildFile; fileRef = E909043F269F68EF00B38FFA /* DockModel.swift */; };
		E9090443269F6C0300B38FFA /* Quick in Frameworks */ = {isa = PBXBuildFile; productRef = E9090442269F6C0300B38FFA /* Quick */; };
		E9090446269F6C5A00B38FFA /* Nimble in Frameworks */ = {isa = PBXBuildFile; productRef = E9090445269F6C5A00B38FFA /* Nimble */; };
		E9090448269F6D8A00B38FFA /* DockModelSpec.swift in Sources */ = {isa = PBXBuildFile; fileRef = E9090447269F6D8A00B38FFA /* DockModelSpec.swift */; };
		E914156826A1444700D041D7 /* Preferences.swift in Sources */ = {isa = PBXBuildFile; fileRef = E914156726A1444700D041D7 /* Preferences.swift */; };
		E92AFC9D26A034D9007DFD63 /* Magnet in Frameworks */ = {isa = PBXBuildFile; productRef = E92AFC9C26A034D9007DFD63 /* Magnet */; };
		E92AFC9F26A03542007DFD63 /* PopupController.swift in Sources */ = {isa = PBXBuildFile; fileRef = E92AFC9E26A03542007DFD63 /* PopupController.swift */; };
		E931776B269F4BBC0004B739 /* Assets.xcassets in Resources */ = {isa = PBXBuildFile; fileRef = E931776A269F4BBC0004B739 /* Assets.xcassets */; };
		E931776E269F4BBC0004B739 /* Main.storyboard in Resources */ = {isa = PBXBuildFile; fileRef = E931776C269F4BBC0004B739 /* Main.storyboard */; };
		E9317798269F4C670004B739 /* AppDelegate.swift in Sources */ = {isa = PBXBuildFile; fileRef = E9317796269F4C670004B739 /* AppDelegate.swift */; };
		E931779C269F4E4E0004B739 /* StatusBarController.swift in Sources */ = {isa = PBXBuildFile; fileRef = E931779B269F4E4E0004B739 /* StatusBarController.swift */; };
		E95DA6C526A03B59002266D0 /* DockModelProvider.swift in Sources */ = {isa = PBXBuildFile; fileRef = E95DA6C426A03B59002266D0 /* DockModelProvider.swift */; };
		E95DA6C826A03D35002266D0 /* ApplicationListView.swift in Sources */ = {isa = PBXBuildFile; fileRef = E95DA6C726A03D35002266D0 /* ApplicationListView.swift */; };
		E9EBFBC4269FF43700BD2725 /* DockEntry.swift in Sources */ = {isa = PBXBuildFile; fileRef = E9EBFBC3269FF43700BD2725 /* DockEntry.swift */; };
/* End PBXBuildFile section */

/* Begin PBXContainerItemProxy section */
		E9317774269F4BBC0004B739 /* PBXContainerItemProxy */ = {
			isa = PBXContainerItemProxy;
			containerPortal = E931775B269F4BBA0004B739 /* Project object */;
			proxyType = 1;
			remoteGlobalIDString = E9317762269F4BBA0004B739;
			remoteInfo = DockBar;
		};
/* End PBXContainerItemProxy section */

/* Begin PBXFileReference section */
		E909043F269F68EF00B38FFA /* DockModel.swift */ = {isa = PBXFileReference; lastKnownFileType = sourcecode.swift; path = DockModel.swift; sourceTree = "<group>"; };
		E9090447269F6D8A00B38FFA /* DockModelSpec.swift */ = {isa = PBXFileReference; lastKnownFileType = sourcecode.swift; path = DockModelSpec.swift; sourceTree = "<group>"; };
		E914156626A0D94200D041D7 /* DockBar.entitlements */ = {isa = PBXFileReference; lastKnownFileType = text.plist.entitlements; path = DockBar.entitlements; sourceTree = "<group>"; };
		E914156726A1444700D041D7 /* Preferences.swift */ = {isa = PBXFileReference; lastKnownFileType = sourcecode.swift; path = Preferences.swift; sourceTree = "<group>"; };
		E92AFC9E26A03542007DFD63 /* PopupController.swift */ = {isa = PBXFileReference; lastKnownFileType = sourcecode.swift; path = PopupController.swift; sourceTree = "<group>"; };
		E9317763269F4BBA0004B739 /* DockBar.app */ = {isa = PBXFileReference; explicitFileType = wrapper.application; includeInIndex = 0; path = DockBar.app; sourceTree = BUILT_PRODUCTS_DIR; };
		E931776A269F4BBC0004B739 /* Assets.xcassets */ = {isa = PBXFileReference; lastKnownFileType = folder.assetcatalog; path = Assets.xcassets; sourceTree = "<group>"; };
		E931776D269F4BBC0004B739 /* Base */ = {isa = PBXFileReference; lastKnownFileType = file.storyboard; name = Base; path = Base.lproj/Main.storyboard; sourceTree = "<group>"; };
		E9317773269F4BBC0004B739 /* DockBarTests.xctest */ = {isa = PBXFileReference; explicitFileType = wrapper.cfbundle; includeInIndex = 0; path = DockBarTests.xctest; sourceTree = BUILT_PRODUCTS_DIR; };
		E931778E269F4C2F0004B739 /* LICENSE.md */ = {isa = PBXFileReference; lastKnownFileType = net.daringfireball.markdown; path = LICENSE.md; sourceTree = "<group>"; };
		E931778F269F4C2F0004B739 /* .gitignore */ = {isa = PBXFileReference; lastKnownFileType = text; path = .gitignore; sourceTree = "<group>"; };
		E9317790269F4C2F0004B739 /* README.md */ = {isa = PBXFileReference; lastKnownFileType = net.daringfireball.markdown; path = README.md; sourceTree = "<group>"; };
		E9317796269F4C670004B739 /* AppDelegate.swift */ = {isa = PBXFileReference; fileEncoding = 4; lastKnownFileType = sourcecode.swift; path = AppDelegate.swift; sourceTree = "<group>"; };
		E931779A269F4CB20004B739 /* Info.plist */ = {isa = PBXFileReference; lastKnownFileType = text.plist; path = Info.plist; sourceTree = "<group>"; };
		E931779B269F4E4E0004B739 /* StatusBarController.swift */ = {isa = PBXFileReference; lastKnownFileType = sourcecode.swift; path = StatusBarController.swift; sourceTree = "<group>"; };
		E95DA6C426A03B59002266D0 /* DockModelProvider.swift */ = {isa = PBXFileReference; lastKnownFileType = sourcecode.swift; path = DockModelProvider.swift; sourceTree = "<group>"; };
		E95DA6C726A03D35002266D0 /* ApplicationListView.swift */ = {isa = PBXFileReference; lastKnownFileType = sourcecode.swift; path = ApplicationListView.swift; sourceTree = "<group>"; };
		E9EBFBC3269FF43700BD2725 /* DockEntry.swift */ = {isa = PBXFileReference; lastKnownFileType = sourcecode.swift; path = DockEntry.swift; sourceTree = "<group>"; };
/* End PBXFileReference section */

/* Begin PBXFrameworksBuildPhase section */
		E9317760269F4BBA0004B739 /* Frameworks */ = {
			isa = PBXFrameworksBuildPhase;
			buildActionMask = 2147483647;
			files = (
				E92AFC9D26A034D9007DFD63 /* Magnet in Frameworks */,
			);
			runOnlyForDeploymentPostprocessing = 0;
		};
		E9317770269F4BBC0004B739 /* Frameworks */ = {
			isa = PBXFrameworksBuildPhase;
			buildActionMask = 2147483647;
			files = (
				E9090443269F6C0300B38FFA /* Quick in Frameworks */,
				E9090446269F6C5A00B38FFA /* Nimble in Frameworks */,
			);
			runOnlyForDeploymentPostprocessing = 0;
		};
/* End PBXFrameworksBuildPhase section */

/* Begin PBXGroup section */
		E909043E269F68C800B38FFA /* Model */ = {
			isa = PBXGroup;
			children = (
				E914156726A1444700D041D7 /* Preferences.swift */,
				E95DA6C426A03B59002266D0 /* DockModelProvider.swift */,
				E909043F269F68EF00B38FFA /* DockModel.swift */,
				E9EBFBC3269FF43700BD2725 /* DockEntry.swift */,
			);
			path = Model;
			sourceTree = "<group>";
		};
		E931775A269F4BBA0004B739 = {
			isa = PBXGroup;
			children = (
				E9317790269F4C2F0004B739 /* README.md */,
				E931778E269F4C2F0004B739 /* LICENSE.md */,
				E931778F269F4C2F0004B739 /* .gitignore */,
				E9317765269F4BBA0004B739 /* DockBar */,
				E9317776269F4BBC0004B739 /* DockBarTests */,
				E9317764269F4BBA0004B739 /* Products */,
			);
			sourceTree = "<group>";
		};
		E9317764269F4BBA0004B739 /* Products */ = {
			isa = PBXGroup;
			children = (
				E9317763269F4BBA0004B739 /* DockBar.app */,
				E9317773269F4BBC0004B739 /* DockBarTests.xctest */,
			);
			name = Products;
			sourceTree = "<group>";
		};
		E9317765269F4BBA0004B739 /* DockBar */ = {
			isa = PBXGroup;
			children = (
				E9317791269F4C670004B739 /* Source */,
				E9317799269F4C700004B739 /* Resources */,
			);
			path = DockBar;
			sourceTree = "<group>";
		};
		E9317776269F4BBC0004B739 /* DockBarTests */ = {
			isa = PBXGroup;
			children = (
				E9090447269F6D8A00B38FFA /* DockModelSpec.swift */,
			);
			path = DockBarTests;
			sourceTree = "<group>";
		};
		E9317791269F4C670004B739 /* Source */ = {
			isa = PBXGroup;
			children = (
				E9317792269F4C670004B739 /* Classes */,
			);
			path = Source;
			sourceTree = "<group>";
		};
		E9317792269F4C670004B739 /* Classes */ = {
			isa = PBXGroup;
			children = (
				E9317795269F4C670004B739 /* Application */,
				E909043E269F68C800B38FFA /* Model */,
				E9317793269F4C670004B739 /* UI */,
			);
			path = Classes;
			sourceTree = "<group>";
		};
		E9317793269F4C670004B739 /* UI */ = {
			isa = PBXGroup;
			children = (
				E95DA6C626A03D1D002266D0 /* Views */,
				E931779B269F4E4E0004B739 /* StatusBarController.swift */,
				E92AFC9E26A03542007DFD63 /* PopupController.swift */,
			);
			path = UI;
			sourceTree = "<group>";
		};
		E9317795269F4C670004B739 /* Application */ = {
			isa = PBXGroup;
			children = (
				E9317796269F4C670004B739 /* AppDelegate.swift */,
			);
			path = Application;
			sourceTree = "<group>";
		};
		E9317799269F4C700004B739 /* Resources */ = {
			isa = PBXGroup;
			children = (
				E914156626A0D94200D041D7 /* DockBar.entitlements */,
				E931779A269F4CB20004B739 /* Info.plist */,
				E931776C269F4BBC0004B739 /* Main.storyboard */,
				E931776A269F4BBC0004B739 /* Assets.xcassets */,
			);
			name = Resources;
			sourceTree = "<group>";
		};
		E95DA6C626A03D1D002266D0 /* Views */ = {
			isa = PBXGroup;
			children = (
				E95DA6C726A03D35002266D0 /* ApplicationListView.swift */,
			);
			path = Views;
			sourceTree = "<group>";
		};
/* End PBXGroup section */

/* Begin PBXNativeTarget section */
		E9317762269F4BBA0004B739 /* DockBar */ = {
			isa = PBXNativeTarget;
			buildConfigurationList = E9317785269F4BBC0004B739 /* Build configuration list for PBXNativeTarget "DockBar" */;
			buildPhases = (
				E931775F269F4BBA0004B739 /* Sources */,
				E9317760269F4BBA0004B739 /* Frameworks */,
				E9317761269F4BBA0004B739 /* Resources */,
			);
			buildRules = (
			);
			dependencies = (
			);
			name = DockBar;
			packageProductDependencies = (
				E92AFC9C26A034D9007DFD63 /* Magnet */,
			);
			productName = DockBar;
			productReference = E9317763269F4BBA0004B739 /* DockBar.app */;
			productType = "com.apple.product-type.application";
		};
		E9317772269F4BBC0004B739 /* DockBarTests */ = {
			isa = PBXNativeTarget;
			buildConfigurationList = E9317788269F4BBC0004B739 /* Build configuration list for PBXNativeTarget "DockBarTests" */;
			buildPhases = (
				E931776F269F4BBC0004B739 /* Sources */,
				E9317770269F4BBC0004B739 /* Frameworks */,
				E9317771269F4BBC0004B739 /* Resources */,
			);
			buildRules = (
			);
			dependencies = (
				E9317775269F4BBC0004B739 /* PBXTargetDependency */,
			);
			name = DockBarTests;
			packageProductDependencies = (
				E9090442269F6C0300B38FFA /* Quick */,
				E9090445269F6C5A00B38FFA /* Nimble */,
			);
			productName = DockBarTests;
			productReference = E9317773269F4BBC0004B739 /* DockBarTests.xctest */;
			productType = "com.apple.product-type.bundle.unit-test";
		};
/* End PBXNativeTarget section */

/* Begin PBXProject section */
		E931775B269F4BBA0004B739 /* Project object */ = {
			isa = PBXProject;
			attributes = {
				BuildIndependentTargetsInParallel = 1;
				LastSwiftUpdateCheck = 1300;
				LastUpgradeCheck = 1300;
				TargetAttributes = {
					E9317762269F4BBA0004B739 = {
						CreatedOnToolsVersion = 13.0;
					};
					E9317772269F4BBC0004B739 = {
						CreatedOnToolsVersion = 13.0;
						TestTargetID = E9317762269F4BBA0004B739;
					};
				};
			};
			buildConfigurationList = E931775E269F4BBA0004B739 /* Build configuration list for PBXProject "DockBar" */;
			compatibilityVersion = "Xcode 13.0";
			developmentRegion = en;
			hasScannedForEncodings = 0;
			knownRegions = (
				en,
				Base,
			);
			mainGroup = E931775A269F4BBA0004B739;
			packageReferences = (
				E9090441269F6C0300B38FFA /* XCRemoteSwiftPackageReference "Quick" */,
				E9090444269F6C5A00B38FFA /* XCRemoteSwiftPackageReference "Nimble" */,
				E92AFC9B26A034D9007DFD63 /* XCRemoteSwiftPackageReference "Magnet" */,
			);
			productRefGroup = E9317764269F4BBA0004B739 /* Products */;
			projectDirPath = "";
			projectRoot = "";
			targets = (
				E9317762269F4BBA0004B739 /* DockBar */,
				E9317772269F4BBC0004B739 /* DockBarTests */,
			);
		};
/* End PBXProject section */

/* Begin PBXResourcesBuildPhase section */
		E9317761269F4BBA0004B739 /* Resources */ = {
			isa = PBXResourcesBuildPhase;
			buildActionMask = 2147483647;
			files = (
				E931776B269F4BBC0004B739 /* Assets.xcassets in Resources */,
				E931776E269F4BBC0004B739 /* Main.storyboard in Resources */,
			);
			runOnlyForDeploymentPostprocessing = 0;
		};
		E9317771269F4BBC0004B739 /* Resources */ = {
			isa = PBXResourcesBuildPhase;
			buildActionMask = 2147483647;
			files = (
			);
			runOnlyForDeploymentPostprocessing = 0;
		};
/* End PBXResourcesBuildPhase section */

/* Begin PBXSourcesBuildPhase section */
		E931775F269F4BBA0004B739 /* Sources */ = {
			isa = PBXSourcesBuildPhase;
			buildActionMask = 2147483647;
			files = (
				E95DA6C826A03D35002266D0 /* ApplicationListView.swift in Sources */,
				E92AFC9F26A03542007DFD63 /* PopupController.swift in Sources */,
				E9317798269F4C670004B739 /* AppDelegate.swift in Sources */,
				E9EBFBC4269FF43700BD2725 /* DockEntry.swift in Sources */,
				E931779C269F4E4E0004B739 /* StatusBarController.swift in Sources */,
				E9090440269F68EF00B38FFA /* DockModel.swift in Sources */,
				E914156826A1444700D041D7 /* Preferences.swift in Sources */,
				E95DA6C526A03B59002266D0 /* DockModelProvider.swift in Sources */,
			);
			runOnlyForDeploymentPostprocessing = 0;
		};
		E931776F269F4BBC0004B739 /* Sources */ = {
			isa = PBXSourcesBuildPhase;
			buildActionMask = 2147483647;
			files = (
				E9090448269F6D8A00B38FFA /* DockModelSpec.swift in Sources */,
			);
			runOnlyForDeploymentPostprocessing = 0;
		};
/* End PBXSourcesBuildPhase section */

/* Begin PBXTargetDependency section */
		E9317775269F4BBC0004B739 /* PBXTargetDependency */ = {
			isa = PBXTargetDependency;
			target = E9317762269F4BBA0004B739 /* DockBar */;
			targetProxy = E9317774269F4BBC0004B739 /* PBXContainerItemProxy */;
		};
/* End PBXTargetDependency section */

/* Begin PBXVariantGroup section */
		E931776C269F4BBC0004B739 /* Main.storyboard */ = {
			isa = PBXVariantGroup;
			children = (
				E931776D269F4BBC0004B739 /* Base */,
			);
			name = Main.storyboard;
			sourceTree = "<group>";
		};
/* End PBXVariantGroup section */

/* Begin XCBuildConfiguration section */
		E9317783269F4BBC0004B739 /* Debug */ = {
			isa = XCBuildConfiguration;
			buildSettings = {
				ALWAYS_SEARCH_USER_PATHS = NO;
				CLANG_ANALYZER_NONNULL = YES;
				CLANG_ANALYZER_NUMBER_OBJECT_CONVERSION = YES_AGGRESSIVE;
				CLANG_CXX_LANGUAGE_STANDARD = "gnu++14";
				CLANG_CXX_LIBRARY = "libc++";
				CLANG_ENABLE_MODULES = YES;
				CLANG_ENABLE_OBJC_ARC = YES;
				CLANG_ENABLE_OBJC_WEAK = YES;
				CLANG_WARN_BLOCK_CAPTURE_AUTORELEASING = YES;
				CLANG_WARN_BOOL_CONVERSION = YES;
				CLANG_WARN_COMMA = YES;
				CLANG_WARN_CONSTANT_CONVERSION = YES;
				CLANG_WARN_DEPRECATED_OBJC_IMPLEMENTATIONS = YES;
				CLANG_WARN_DIRECT_OBJC_ISA_USAGE = YES_ERROR;
				CLANG_WARN_DOCUMENTATION_COMMENTS = YES;
				CLANG_WARN_EMPTY_BODY = YES;
				CLANG_WARN_ENUM_CONVERSION = YES;
				CLANG_WARN_INFINITE_RECURSION = YES;
				CLANG_WARN_INT_CONVERSION = YES;
				CLANG_WARN_NON_LITERAL_NULL_CONVERSION = YES;
				CLANG_WARN_OBJC_IMPLICIT_RETAIN_SELF = YES;
				CLANG_WARN_OBJC_LITERAL_CONVERSION = YES;
				CLANG_WARN_OBJC_ROOT_CLASS = YES_ERROR;
				CLANG_WARN_QUOTED_INCLUDE_IN_FRAMEWORK_HEADER = YES;
				CLANG_WARN_RANGE_LOOP_ANALYSIS = YES;
				CLANG_WARN_STRICT_PROTOTYPES = YES;
				CLANG_WARN_SUSPICIOUS_MOVE = YES;
				CLANG_WARN_UNGUARDED_AVAILABILITY = YES_AGGRESSIVE;
				CLANG_WARN_UNREACHABLE_CODE = YES;
				CLANG_WARN__DUPLICATE_METHOD_MATCH = YES;
				COPY_PHASE_STRIP = NO;
				DEBUG_INFORMATION_FORMAT = dwarf;
				ENABLE_STRICT_OBJC_MSGSEND = YES;
				ENABLE_TESTABILITY = YES;
				ENABLE_USER_SELECTED_FILES = readonly;
				GCC_C_LANGUAGE_STANDARD = gnu11;
				GCC_DYNAMIC_NO_PIC = NO;
				GCC_NO_COMMON_BLOCKS = YES;
				GCC_OPTIMIZATION_LEVEL = 0;
				GCC_PREPROCESSOR_DEFINITIONS = (
					"DEBUG=1",
					"$(inherited)",
				);
				GCC_WARN_64_TO_32_BIT_CONVERSION = YES;
				GCC_WARN_ABOUT_RETURN_TYPE = YES_ERROR;
				GCC_WARN_UNDECLARED_SELECTOR = YES;
				GCC_WARN_UNINITIALIZED_AUTOS = YES_AGGRESSIVE;
				GCC_WARN_UNUSED_FUNCTION = YES;
				GCC_WARN_UNUSED_VARIABLE = YES;
				MACOSX_DEPLOYMENT_TARGET = 10.15;
				MTL_ENABLE_DEBUG_INFO = INCLUDE_SOURCE;
				MTL_FAST_MATH = YES;
				ONLY_ACTIVE_ARCH = YES;
				SDKROOT = macosx;
				SWIFT_ACTIVE_COMPILATION_CONDITIONS = DEBUG;
				SWIFT_OPTIMIZATION_LEVEL = "-Onone";
			};
			name = Debug;
		};
		E9317784269F4BBC0004B739 /* Release */ = {
			isa = XCBuildConfiguration;
			buildSettings = {
				ALWAYS_SEARCH_USER_PATHS = NO;
				CLANG_ANALYZER_NONNULL = YES;
				CLANG_ANALYZER_NUMBER_OBJECT_CONVERSION = YES_AGGRESSIVE;
				CLANG_CXX_LANGUAGE_STANDARD = "gnu++14";
				CLANG_CXX_LIBRARY = "libc++";
				CLANG_ENABLE_MODULES = YES;
				CLANG_ENABLE_OBJC_ARC = YES;
				CLANG_ENABLE_OBJC_WEAK = YES;
				CLANG_WARN_BLOCK_CAPTURE_AUTORELEASING = YES;
				CLANG_WARN_BOOL_CONVERSION = YES;
				CLANG_WARN_COMMA = YES;
				CLANG_WARN_CONSTANT_CONVERSION = YES;
				CLANG_WARN_DEPRECATED_OBJC_IMPLEMENTATIONS = YES;
				CLANG_WARN_DIRECT_OBJC_ISA_USAGE = YES_ERROR;
				CLANG_WARN_DOCUMENTATION_COMMENTS = YES;
				CLANG_WARN_EMPTY_BODY = YES;
				CLANG_WARN_ENUM_CONVERSION = YES;
				CLANG_WARN_INFINITE_RECURSION = YES;
				CLANG_WARN_INT_CONVERSION = YES;
				CLANG_WARN_NON_LITERAL_NULL_CONVERSION = YES;
				CLANG_WARN_OBJC_IMPLICIT_RETAIN_SELF = YES;
				CLANG_WARN_OBJC_LITERAL_CONVERSION = YES;
				CLANG_WARN_OBJC_ROOT_CLASS = YES_ERROR;
				CLANG_WARN_QUOTED_INCLUDE_IN_FRAMEWORK_HEADER = YES;
				CLANG_WARN_RANGE_LOOP_ANALYSIS = YES;
				CLANG_WARN_STRICT_PROTOTYPES = YES;
				CLANG_WARN_SUSPICIOUS_MOVE = YES;
				CLANG_WARN_UNGUARDED_AVAILABILITY = YES_AGGRESSIVE;
				CLANG_WARN_UNREACHABLE_CODE = YES;
				CLANG_WARN__DUPLICATE_METHOD_MATCH = YES;
				COPY_PHASE_STRIP = NO;
				DEBUG_INFORMATION_FORMAT = "dwarf-with-dsym";
				ENABLE_NS_ASSERTIONS = NO;
				ENABLE_STRICT_OBJC_MSGSEND = YES;
				ENABLE_USER_SELECTED_FILES = readonly;
				GCC_C_LANGUAGE_STANDARD = gnu11;
				GCC_NO_COMMON_BLOCKS = YES;
				GCC_WARN_64_TO_32_BIT_CONVERSION = YES;
				GCC_WARN_ABOUT_RETURN_TYPE = YES_ERROR;
				GCC_WARN_UNDECLARED_SELECTOR = YES;
				GCC_WARN_UNINITIALIZED_AUTOS = YES_AGGRESSIVE;
				GCC_WARN_UNUSED_FUNCTION = YES;
				GCC_WARN_UNUSED_VARIABLE = YES;
				MACOSX_DEPLOYMENT_TARGET = 10.15;
				MTL_ENABLE_DEBUG_INFO = NO;
				MTL_FAST_MATH = YES;
				SDKROOT = macosx;
				SWIFT_COMPILATION_MODE = wholemodule;
				SWIFT_OPTIMIZATION_LEVEL = "-O";
			};
			name = Release;
		};
		E9317786269F4BBC0004B739 /* Debug */ = {
			isa = XCBuildConfiguration;
			buildSettings = {
				ASSETCATALOG_COMPILER_APPICON_NAME = AppIcon;
				ASSETCATALOG_COMPILER_GLOBAL_ACCENT_COLOR_NAME = AccentColor;
				CODE_SIGN_ENTITLEMENTS = DockBar/DockBar.entitlements;
				CODE_SIGN_STYLE = Automatic;
				COMBINE_HIDPI_IMAGES = YES;
				CURRENT_PROJECT_VERSION = 1;
				DEVELOPMENT_TEAM = GQE994U6EG;
				ENABLE_APP_SANDBOX = YES;
				ENABLE_HARDENED_RUNTIME = YES;
				ENABLE_USER_SELECTED_FILES = "";
				GENERATE_INFOPLIST_FILE = YES;
				INFOPLIST_FILE = DockBar/Info.plist;
				INFOPLIST_KEY_CFBundleExecutable = DockBar;
				INFOPLIST_KEY_CFBundleName = DockBar;
				INFOPLIST_KEY_CFBundleVersion = 1;
				INFOPLIST_KEY_NSHumanReadableCopyright = "";
				INFOPLIST_KEY_NSMainStoryboardFile = Main;
				INFOPLIST_KEY_NSPrincipalClass = NSApplication;
				LD_RUNPATH_SEARCH_PATHS = (
					"$(inherited)",
					"@executable_path/../Frameworks",
				);
				MACOSX_DEPLOYMENT_TARGET = 11.0;
				MARKETING_VERSION = 2021.1;
				PRODUCT_BUNDLE_IDENTIFIER = com.github.thbonk.DockBar;
				PRODUCT_NAME = "$(TARGET_NAME)";
				SWIFT_EMIT_LOC_STRINGS = YES;
				SWIFT_VERSION = 5.0;
			};
			name = Debug;
		};
		E9317787269F4BBC0004B739 /* Release */ = {
			isa = XCBuildConfiguration;
			buildSettings = {
				ASSETCATALOG_COMPILER_APPICON_NAME = AppIcon;
				ASSETCATALOG_COMPILER_GLOBAL_ACCENT_COLOR_NAME = AccentColor;
				CODE_SIGN_ENTITLEMENTS = DockBar/DockBar.entitlements;
				CODE_SIGN_STYLE = Automatic;
				COMBINE_HIDPI_IMAGES = YES;
				CURRENT_PROJECT_VERSION = 1;
				DEVELOPMENT_TEAM = GQE994U6EG;
				ENABLE_APP_SANDBOX = YES;
				ENABLE_HARDENED_RUNTIME = YES;
				ENABLE_USER_SELECTED_FILES = "";
				GENERATE_INFOPLIST_FILE = YES;
				INFOPLIST_FILE = DockBar/Info.plist;
				INFOPLIST_KEY_CFBundleExecutable = DockBar;
				INFOPLIST_KEY_CFBundleName = DockBar;
				INFOPLIST_KEY_CFBundleVersion = 1;
				INFOPLIST_KEY_NSHumanReadableCopyright = "";
				INFOPLIST_KEY_NSMainStoryboardFile = Main;
				INFOPLIST_KEY_NSPrincipalClass = NSApplication;
				LD_RUNPATH_SEARCH_PATHS = (
					"$(inherited)",
					"@executable_path/../Frameworks",
				);
				MACOSX_DEPLOYMENT_TARGET = 11.0;
				MARKETING_VERSION = 2021.1;
				PRODUCT_BUNDLE_IDENTIFIER = com.github.thbonk.DockBar;
				PRODUCT_NAME = "$(TARGET_NAME)";
				SWIFT_EMIT_LOC_STRINGS = YES;
				SWIFT_VERSION = 5.0;
			};
			name = Release;
		};
		E9317789269F4BBC0004B739 /* Debug */ = {
			isa = XCBuildConfiguration;
			buildSettings = {
				ALWAYS_EMBED_SWIFT_STANDARD_LIBRARIES = YES;
				BUNDLE_LOADER = "$(TEST_HOST)";
				CODE_SIGN_STYLE = Automatic;
				COMBINE_HIDPI_IMAGES = YES;
				CURRENT_PROJECT_VERSION = 1;
				DEVELOPMENT_TEAM = GQE994U6EG;
				GENERATE_INFOPLIST_FILE = YES;
				LD_RUNPATH_SEARCH_PATHS = (
					"$(inherited)",
					"@executable_path/../Frameworks",
					"@loader_path/../Frameworks",
				);
				MACOSX_DEPLOYMENT_TARGET = 12.0;
				MARKETING_VERSION = 1.0;
				PRODUCT_BUNDLE_IDENTIFIER = com.github.thbonk.DockBarTests;
				PRODUCT_NAME = "$(TARGET_NAME)";
				SWIFT_EMIT_LOC_STRINGS = NO;
				SWIFT_VERSION = 5.0;
				TEST_HOST = "$(BUILT_PRODUCTS_DIR)/DockBar.app/Contents/MacOS/DockBar";
			};
			name = Debug;
		};
		E931778A269F4BBC0004B739 /* Release */ = {
			isa = XCBuildConfiguration;
			buildSettings = {
				ALWAYS_EMBED_SWIFT_STANDARD_LIBRARIES = YES;
				BUNDLE_LOADER = "$(TEST_HOST)";
				CODE_SIGN_STYLE = Automatic;
				COMBINE_HIDPI_IMAGES = YES;
				CURRENT_PROJECT_VERSION = 1;
				DEVELOPMENT_TEAM = GQE994U6EG;
				GENERATE_INFOPLIST_FILE = YES;
				LD_RUNPATH_SEARCH_PATHS = (
					"$(inherited)",
					"@executable_path/../Frameworks",
					"@loader_path/../Frameworks",
				);
				MACOSX_DEPLOYMENT_TARGET = 12.0;
				MARKETING_VERSION = 1.0;
				PRODUCT_BUNDLE_IDENTIFIER = com.github.thbonk.DockBarTests;
				PRODUCT_NAME = "$(TARGET_NAME)";
				SWIFT_EMIT_LOC_STRINGS = NO;
				SWIFT_VERSION = 5.0;
				TEST_HOST = "$(BUILT_PRODUCTS_DIR)/DockBar.app/Contents/MacOS/DockBar";
			};
			name = Release;
		};
/* End XCBuildConfiguration section */

/* Begin XCConfigurationList section */
		E931775E269F4BBA0004B739 /* Build configuration list for PBXProject "DockBar" */ = {
			isa = XCConfigurationList;
			buildConfigurations = (
				E9317783269F4BBC0004B739 /* Debug */,
				E9317784269F4BBC0004B739 /* Release */,
			);
			defaultConfigurationIsVisible = 0;
			defaultConfigurationName = Release;
		};
		E9317785269F4BBC0004B739 /* Build configuration list for PBXNativeTarget "DockBar" */ = {
			isa = XCConfigurationList;
			buildConfigurations = (
				E9317786269F4BBC0004B739 /* Debug */,
				E9317787269F4BBC0004B739 /* Release */,
			);
			defaultConfigurationIsVisible = 0;
			defaultConfigurationName = Release;
		};
		E9317788269F4BBC0004B739 /* Build configuration list for PBXNativeTarget "DockBarTests" */ = {
			isa = XCConfigurationList;
			buildConfigurations = (
				E9317789269F4BBC0004B739 /* Debug */,
				E931778A269F4BBC0004B739 /* Release */,
			);
			defaultConfigurationIsVisible = 0;
			defaultConfigurationName = Release;
		};
/* End XCConfigurationList section */

/* Begin XCRemoteSwiftPackageReference section */
		E9090441269F6C0300B38FFA /* XCRemoteSwiftPackageReference "Quick" */ = {
			isa = XCRemoteSwiftPackageReference;
			repositoryURL = "https://github.com/Quick/Quick";
			requirement = {
				kind = upToNextMajorVersion;
				minimumVersion = 4.0.0;
			};
		};
		E9090444269F6C5A00B38FFA /* XCRemoteSwiftPackageReference "Nimble" */ = {
			isa = XCRemoteSwiftPackageReference;
			repositoryURL = "https://github.com/Quick/Nimble";
			requirement = {
				kind = upToNextMajorVersion;
				minimumVersion = 9.2.0;
			};
		};
		E92AFC9B26A034D9007DFD63 /* XCRemoteSwiftPackageReference "Magnet" */ = {
			isa = XCRemoteSwiftPackageReference;
			repositoryURL = "https://github.com/Clipy/Magnet";
			requirement = {
				kind = upToNextMajorVersion;
				minimumVersion = 3.0.0;
			};
		};
/* End XCRemoteSwiftPackageReference section */

/* Begin XCSwiftPackageProductDependency section */
		E9090442269F6C0300B38FFA /* Quick */ = {
			isa = XCSwiftPackageProductDependency;
			package = E9090441269F6C0300B38FFA /* XCRemoteSwiftPackageReference "Quick" */;
			productName = Quick;
		};
		E9090445269F6C5A00B38FFA /* Nimble */ = {
			isa = XCSwiftPackageProductDependency;
			package = E9090444269F6C5A00B38FFA /* XCRemoteSwiftPackageReference "Nimble" */;
			productName = Nimble;
		};
		E92AFC9C26A034D9007DFD63 /* Magnet */ = {
			isa = XCSwiftPackageProductDependency;
			package = E92AFC9B26A034D9007DFD63 /* XCRemoteSwiftPackageReference "Magnet" */;
			productName = Magnet;
		};
/* End XCSwiftPackageProductDependency section */
	};
	rootObject = E931775B269F4BBA0004B739 /* Project object */;
}
